
Microsoft Visual Studio Solution File, Format Version 12.00
# Visual Studio Version 16
VisualStudioVersion = 16.0.29613.14
MinimumVisualStudioVersion = 10.0.40219.1
Project("{E24C65DC-7377-472B-9ABA-BC803B73C61A}") = "WebsiteTemplate", ".", "{FBFD3871-AD73-4EDF-8283-5CD2CE6D0540}"
	ProjectSection(WebsiteProperties) = preProject
		TargetFrameworkMoniker = ".NETFramework,Version%3Dv4.5"
		Debug.AspNetCompiler.VirtualPath = "/localhost_62723"
		Debug.AspNetCompiler.PhysicalPath = "..\WebsiteTemplate\"
		Debug.AspNetCompiler.TargetPath = "PrecompiledWeb\localhost_62723\"
		Debug.AspNetCompiler.Updateable = "true"
		Debug.AspNetCompiler.ForceOverwrite = "true"
		Debug.AspNetCompiler.FixedNames = "false"
		Debug.AspNetCompiler.Debug = "True"
		Release.AspNetCompiler.VirtualPath = "/localhost_62723"
		Release.AspNetCompiler.PhysicalPath = "..\WebsiteTemplate\"
		Release.AspNetCompiler.TargetPath = "PrecompiledWeb\localhost_62723\"
		Release.AspNetCompiler.Updateable = "true"
		Release.AspNetCompiler.ForceOverwrite = "true"
		Release.AspNetCompiler.FixedNames = "false"
		Release.AspNetCompiler.Debug = "False"
		VWDPort = "62723"
		SlnRelativePath = "..\WebsiteTemplate\"
	EndProjectSection
EndProject
Global
	GlobalSection(SolutionConfigurationPlatforms) = preSolution
		Debug|Any CPU = Debug|Any CPU
	EndGlobalSection
	GlobalSection(ProjectConfigurationPlatforms) = postSolution
		{FBFD3871-AD73-4EDF-8283-5CD2CE6D0540}.Debug|Any CPU.ActiveCfg = Debug|Any CPU
		{FBFD3871-AD73-4EDF-8283-5CD2CE6D0540}.Debug|Any CPU.Build.0 = Debug|Any CPU
	EndGlobalSection
	GlobalSection(SolutionProperties) = preSolution
		HideSolutionNode = FALSE
	EndGlobalSection
	GlobalSection(ExtensibilityGlobals) = postSolution
		SolutionGuid = {8BE373F0-1D43-4DF7-815C-300A08D987FC}
	EndGlobalSection
EndGlobal
